// !$*UTF8*$!
{
	archiveVersion = 1;
	classes = {
	};
	objectVersion = 50;
	objects = {

/* Begin PBXBuildFile section */
		FB03A0FF25AEA02C001C2129 /* HexagonParameters.swift in Sources */ = {isa = PBXBuildFile; fileRef = FB03A0FE25AEA02C001C2129 /* HexagonParameters.swift */; };
		FB03A10225AEA215001C2129 /* BadgeBackground.swift in Sources */ = {isa = PBXBuildFile; fileRef = FB03A10125AEA215001C2129 /* BadgeBackground.swift */; };
		FB03A10525AEA6EA001C2129 /* BadgeSymbol.swift in Sources */ = {isa = PBXBuildFile; fileRef = FB03A10425AEA6EA001C2129 /* BadgeSymbol.swift */; };
		FB03A10825AEA803001C2129 /* RotatedBadgeSymbol.swift in Sources */ = {isa = PBXBuildFile; fileRef = FB03A10725AEA803001C2129 /* RotatedBadgeSymbol.swift */; };
		FB03A10B25AEA85B001C2129 /* Badge.swift in Sources */ = {isa = PBXBuildFile; fileRef = FB03A10A25AEA85B001C2129 /* Badge.swift */; };
		FB03A11025AF52D2001C2129 /* hikeData.json in Resources */ = {isa = PBXBuildFile; fileRef = FB03A10F25AF52D2001C2129 /* hikeData.json */; };
		FB03A11325AF52ED001C2129 /* Hike.swift in Sources */ = {isa = PBXBuildFile; fileRef = FB03A11225AF52ED001C2129 /* Hike.swift */; };
		FB03A11A25AF536D001C2129 /* GraphCapsule.swift in Sources */ = {isa = PBXBuildFile; fileRef = FB03A11625AF536D001C2129 /* GraphCapsule.swift */; };
		FB03A11B25AF536D001C2129 /* HikeGraph.swift in Sources */ = {isa = PBXBuildFile; fileRef = FB03A11725AF536D001C2129 /* HikeGraph.swift */; };
		FB03A11C25AF536D001C2129 /* HikeDetail.swift in Sources */ = {isa = PBXBuildFile; fileRef = FB03A11825AF536D001C2129 /* HikeDetail.swift */; };
		FB03A11D25AF536D001C2129 /* HikeView.swift in Sources */ = {isa = PBXBuildFile; fileRef = FB03A11925AF536D001C2129 /* HikeView.swift */; };
		FB03A12325AF887C001C2129 /* CategoryHome.swift in Sources */ = {isa = PBXBuildFile; fileRef = FB03A12225AF887C001C2129 /* CategoryHome.swift */; };
		FB03A12725AF89D8001C2129 /* CategoryRow.swift in Sources */ = {isa = PBXBuildFile; fileRef = FB03A12625AF89D8001C2129 /* CategoryRow.swift */; };
		FB03A12A25AF8B7C001C2129 /* CategoryItem.swift in Sources */ = {isa = PBXBuildFile; fileRef = FB03A12925AF8B7C001C2129 /* CategoryItem.swift */; };
		FB7717E325A6C87D0015E9C4 /* LandmarksApp.swift in Sources */ = {isa = PBXBuildFile; fileRef = FB7717E225A6C87D0015E9C4 /* LandmarksApp.swift */; };
		FB7717E525A6C87D0015E9C4 /* ContentView.swift in Sources */ = {isa = PBXBuildFile; fileRef = FB7717E425A6C87D0015E9C4 /* ContentView.swift */; };
		FB7717E725A6C8830015E9C4 /* Assets.xcassets in Resources */ = {isa = PBXBuildFile; fileRef = FB7717E625A6C8830015E9C4 /* Assets.xcassets */; };
		FB7717EA25A6C8830015E9C4 /* Preview Assets.xcassets in Resources */ = {isa = PBXBuildFile; fileRef = FB7717E925A6C8830015E9C4 /* Preview Assets.xcassets */; };
		FB7717F425A6D2210015E9C4 /* CircleImage.swift in Sources */ = {isa = PBXBuildFile; fileRef = FB7717F325A6D2210015E9C4 /* CircleImage.swift */; };
		FB7717F725A6D2D80015E9C4 /* MapView.swift in Sources */ = {isa = PBXBuildFile; fileRef = FB7717F625A6D2D80015E9C4 /* MapView.swift */; };
		FB7717FB25A6D9490015E9C4 /* landmarkData.json in Resources */ = {isa = PBXBuildFile; fileRef = FB7717FA25A6D9490015E9C4 /* landmarkData.json */; };
		FB7717FE25A6D9630015E9C4 /* Landmark.swift in Sources */ = {isa = PBXBuildFile; fileRef = FB7717FD25A6D9630015E9C4 /* Landmark.swift */; };
		FB77180125A6DACE0015E9C4 /* ModelData.swift in Sources */ = {isa = PBXBuildFile; fileRef = FB77180025A6DACE0015E9C4 /* ModelData.swift */; };
		FB77180725A6DC730015E9C4 /* LandmarkRow.swift in Sources */ = {isa = PBXBuildFile; fileRef = FB77180625A6DC730015E9C4 /* LandmarkRow.swift */; };
		FB77180B25AA76970015E9C4 /* LandmarkList.swift in Sources */ = {isa = PBXBuildFile; fileRef = FB77180A25AA76970015E9C4 /* LandmarkList.swift */; };
		FB77180E25AA77B80015E9C4 /* LandmarkDetail.swift in Sources */ = {isa = PBXBuildFile; fileRef = FB77180D25AA77B80015E9C4 /* LandmarkDetail.swift */; };
		FBEAF03325AE2E570088F636 /* FavoriteButton.swift in Sources */ = {isa = PBXBuildFile; fileRef = FBEAF03225AE2E570088F636 /* FavoriteButton.swift */; };
/* End PBXBuildFile section */

/* Begin PBXFileReference section */
		FB03A0FE25AEA02C001C2129 /* HexagonParameters.swift */ = {isa = PBXFileReference; lastKnownFileType = sourcecode.swift; path = HexagonParameters.swift; sourceTree = "<group>"; };
		FB03A10125AEA215001C2129 /* BadgeBackground.swift */ = {isa = PBXFileReference; lastKnownFileType = sourcecode.swift; path = BadgeBackground.swift; sourceTree = "<group>"; };
		FB03A10425AEA6EA001C2129 /* BadgeSymbol.swift */ = {isa = PBXFileReference; lastKnownFileType = sourcecode.swift; path = BadgeSymbol.swift; sourceTree = "<group>"; };
		FB03A10725AEA803001C2129 /* RotatedBadgeSymbol.swift */ = {isa = PBXFileReference; lastKnownFileType = sourcecode.swift; path = RotatedBadgeSymbol.swift; sourceTree = "<group>"; };
		FB03A10A25AEA85B001C2129 /* Badge.swift */ = {isa = PBXFileReference; lastKnownFileType = sourcecode.swift; path = Badge.swift; sourceTree = "<group>"; };
		FB03A10F25AF52D2001C2129 /* hikeData.json */ = {isa = PBXFileReference; fileEncoding = 4; lastKnownFileType = text.json; path = hikeData.json; sourceTree = "<group>"; };
		FB03A11225AF52ED001C2129 /* Hike.swift */ = {isa = PBXFileReference; lastKnownFileType = sourcecode.swift; path = Hike.swift; sourceTree = "<group>"; };
		FB03A11625AF536D001C2129 /* GraphCapsule.swift */ = {isa = PBXFileReference; fileEncoding = 4; lastKnownFileType = sourcecode.swift; path = GraphCapsule.swift; sourceTree = "<group>"; };
		FB03A11725AF536D001C2129 /* HikeGraph.swift */ = {isa = PBXFileReference; fileEncoding = 4; lastKnownFileType = sourcecode.swift; path = HikeGraph.swift; sourceTree = "<group>"; };
		FB03A11825AF536D001C2129 /* HikeDetail.swift */ = {isa = PBXFileReference; fileEncoding = 4; lastKnownFileType = sourcecode.swift; path = HikeDetail.swift; sourceTree = "<group>"; };
		FB03A11925AF536D001C2129 /* HikeView.swift */ = {isa = PBXFileReference; fileEncoding = 4; lastKnownFileType = sourcecode.swift; path = HikeView.swift; sourceTree = "<group>"; };
		FB03A12225AF887C001C2129 /* CategoryHome.swift */ = {isa = PBXFileReference; lastKnownFileType = sourcecode.swift; path = CategoryHome.swift; sourceTree = "<group>"; };
		FB03A12625AF89D8001C2129 /* CategoryRow.swift */ = {isa = PBXFileReference; lastKnownFileType = sourcecode.swift; path = CategoryRow.swift; sourceTree = "<group>"; };
		FB03A12925AF8B7C001C2129 /* CategoryItem.swift */ = {isa = PBXFileReference; lastKnownFileType = sourcecode.swift; path = CategoryItem.swift; sourceTree = "<group>"; };
		FB7717DF25A6C87D0015E9C4 /* Landmarks.app */ = {isa = PBXFileReference; explicitFileType = wrapper.application; includeInIndex = 0; path = Landmarks.app; sourceTree = BUILT_PRODUCTS_DIR; };
		FB7717E225A6C87D0015E9C4 /* LandmarksApp.swift */ = {isa = PBXFileReference; lastKnownFileType = sourcecode.swift; path = LandmarksApp.swift; sourceTree = "<group>"; };
		FB7717E425A6C87D0015E9C4 /* ContentView.swift */ = {isa = PBXFileReference; lastKnownFileType = sourcecode.swift; path = ContentView.swift; sourceTree = "<group>"; };
		FB7717E625A6C8830015E9C4 /* Assets.xcassets */ = {isa = PBXFileReference; lastKnownFileType = folder.assetcatalog; path = Assets.xcassets; sourceTree = "<group>"; };
		FB7717E925A6C8830015E9C4 /* Preview Assets.xcassets */ = {isa = PBXFileReference; lastKnownFileType = folder.assetcatalog; path = "Preview Assets.xcassets"; sourceTree = "<group>"; };
		FB7717EB25A6C8830015E9C4 /* Info.plist */ = {isa = PBXFileReference; lastKnownFileType = text.plist.xml; path = Info.plist; sourceTree = "<group>"; };
		FB7717F325A6D2210015E9C4 /* CircleImage.swift */ = {isa = PBXFileReference; lastKnownFileType = sourcecode.swift; path = CircleImage.swift; sourceTree = "<group>"; };
		FB7717F625A6D2D80015E9C4 /* MapView.swift */ = {isa = PBXFileReference; lastKnownFileType = sourcecode.swift; path = MapView.swift; sourceTree = "<group>"; };
		FB7717F925A6D8440015E9C4 /* README.md */ = {isa = PBXFileReference; lastKnownFileType = net.daringfireball.markdown; path = README.md; sourceTree = "<group>"; };
		FB7717FA25A6D9490015E9C4 /* landmarkData.json */ = {isa = PBXFileReference; fileEncoding = 4; lastKnownFileType = text.json; path = landmarkData.json; sourceTree = "<group>"; };
		FB7717FD25A6D9630015E9C4 /* Landmark.swift */ = {isa = PBXFileReference; lastKnownFileType = sourcecode.swift; path = Landmark.swift; sourceTree = "<group>"; };
		FB77180025A6DACE0015E9C4 /* ModelData.swift */ = {isa = PBXFileReference; lastKnownFileType = sourcecode.swift; path = ModelData.swift; sourceTree = "<group>"; };
		FB77180625A6DC730015E9C4 /* LandmarkRow.swift */ = {isa = PBXFileReference; lastKnownFileType = sourcecode.swift; path = LandmarkRow.swift; sourceTree = "<group>"; };
		FB77180A25AA76970015E9C4 /* LandmarkList.swift */ = {isa = PBXFileReference; lastKnownFileType = sourcecode.swift; path = LandmarkList.swift; sourceTree = "<group>"; };
		FB77180D25AA77B80015E9C4 /* LandmarkDetail.swift */ = {isa = PBXFileReference; lastKnownFileType = sourcecode.swift; path = LandmarkDetail.swift; sourceTree = "<group>"; };
		FBEAF03225AE2E570088F636 /* FavoriteButton.swift */ = {isa = PBXFileReference; lastKnownFileType = sourcecode.swift; path = FavoriteButton.swift; sourceTree = "<group>"; };
/* End PBXFileReference section */

/* Begin PBXFrameworksBuildPhase section */
		FB7717DC25A6C87D0015E9C4 /* Frameworks */ = {
			isa = PBXFrameworksBuildPhase;
			buildActionMask = 2147483647;
			files = (
			);
			runOnlyForDeploymentPostprocessing = 0;
		};
/* End PBXFrameworksBuildPhase section */

/* Begin PBXGroup section */
		FB03A10D25AEA968001C2129 /* Badges */ = {
			isa = PBXGroup;
			children = (
				FB03A10A25AEA85B001C2129 /* Badge.swift */,
				FB03A10125AEA215001C2129 /* BadgeBackground.swift */,
				FB03A10425AEA6EA001C2129 /* BadgeSymbol.swift */,
				FB03A0FE25AEA02C001C2129 /* HexagonParameters.swift */,
				FB03A10725AEA803001C2129 /* RotatedBadgeSymbol.swift */,
			);
			path = Badges;
			sourceTree = "<group>";
		};
		FB03A11525AF536D001C2129 /* Hikes */ = {
			isa = PBXGroup;
			children = (
				FB03A11625AF536D001C2129 /* GraphCapsule.swift */,
				FB03A11725AF536D001C2129 /* HikeGraph.swift */,
				FB03A11825AF536D001C2129 /* HikeDetail.swift */,
				FB03A11925AF536D001C2129 /* HikeView.swift */,
			);
			path = Hikes;
			sourceTree = "<group>";
		};
		FB03A12025AF8853001C2129 /* Categories */ = {
			isa = PBXGroup;
			children = (
				FB03A12225AF887C001C2129 /* CategoryHome.swift */,
				FB03A12625AF89D8001C2129 /* CategoryRow.swift */,
				FB03A12925AF8B7C001C2129 /* CategoryItem.swift */,
			);
			path = Categories;
			sourceTree = "<group>";
		};
		FB7717D625A6C87D0015E9C4 = {
			isa = PBXGroup;
			children = (
				FB7717E125A6C87D0015E9C4 /* Landmarks */,
				FB7717E025A6C87D0015E9C4 /* Products */,
				FB7717F925A6D8440015E9C4 /* README.md */,
			);
			sourceTree = "<group>";
		};
		FB7717E025A6C87D0015E9C4 /* Products */ = {
			isa = PBXGroup;
			children = (
				FB7717DF25A6C87D0015E9C4 /* Landmarks.app */,
			);
			name = Products;
			sourceTree = "<group>";
		};
		FB7717E125A6C87D0015E9C4 /* Landmarks */ = {
			isa = PBXGroup;
			children = (
				FB77180525A6DBF90015E9C4 /* Resources */,
				FB77180425A6DBF00015E9C4 /* Model */,
				FB77180325A6DBE50015E9C4 /* Views */,
				FB7717E225A6C87D0015E9C4 /* LandmarksApp.swift */,
				FB7717E625A6C8830015E9C4 /* Assets.xcassets */,
				FB7717EB25A6C8830015E9C4 /* Info.plist */,
				FB7717E825A6C8830015E9C4 /* Preview Content */,
			);
			path = Landmarks;
			sourceTree = "<group>";
		};
		FB7717E825A6C8830015E9C4 /* Preview Content */ = {
			isa = PBXGroup;
			children = (
				FB7717E925A6C8830015E9C4 /* Preview Assets.xcassets */,
			);
			path = "Preview Content";
			sourceTree = "<group>";
		};
		FB77180325A6DBE50015E9C4 /* Views */ = {
			isa = PBXGroup;
			children = (
				FB7717E425A6C87D0015E9C4 /* ContentView.swift */,
				FB03A10D25AEA968001C2129 /* Badges */,
				FB03A12025AF8853001C2129 /* Categories */,
				FBEAF03525AE30E30088F636 /* Helpers */,
				FB03A11525AF536D001C2129 /* Hikes */,
				FBEAF03625AE31100088F636 /* Landmarks */,
			);
			path = Views;
			sourceTree = "<group>";
		};
		FB77180425A6DBF00015E9C4 /* Model */ = {
			isa = PBXGroup;
			children = (
				FB7717FD25A6D9630015E9C4 /* Landmark.swift */,
				FB77180025A6DACE0015E9C4 /* ModelData.swift */,
				FB03A11225AF52ED001C2129 /* Hike.swift */,
			);
			path = Model;
			sourceTree = "<group>";
		};
		FB77180525A6DBF90015E9C4 /* Resources */ = {
			isa = PBXGroup;
			children = (
				FB7717FA25A6D9490015E9C4 /* landmarkData.json */,
				FB03A10F25AF52D2001C2129 /* hikeData.json */,
			);
			path = Resources;
			sourceTree = "<group>";
		};
		FBEAF03525AE30E30088F636 /* Helpers */ = {
			isa = PBXGroup;
			children = (
				FB7717F325A6D2210015E9C4 /* CircleImage.swift */,
				FB7717F625A6D2D80015E9C4 /* MapView.swift */,
				FBEAF03225AE2E570088F636 /* FavoriteButton.swift */,
			);
			path = Helpers;
			sourceTree = "<group>";
		};
		FBEAF03625AE31100088F636 /* Landmarks */ = {
			isa = PBXGroup;
			children = (
				FB77180625A6DC730015E9C4 /* LandmarkRow.swift */,
				FB77180A25AA76970015E9C4 /* LandmarkList.swift */,
				FB77180D25AA77B80015E9C4 /* LandmarkDetail.swift */,
			);
			path = Landmarks;
			sourceTree = "<group>";
		};
/* End PBXGroup section */

/* Begin PBXNativeTarget section */
		FB7717DE25A6C87D0015E9C4 /* Landmarks */ = {
			isa = PBXNativeTarget;
			buildConfigurationList = FB7717EE25A6C8830015E9C4 /* Build configuration list for PBXNativeTarget "Landmarks" */;
			buildPhases = (
				FB7717DB25A6C87D0015E9C4 /* Sources */,
				FB7717DC25A6C87D0015E9C4 /* Frameworks */,
				FB7717DD25A6C87D0015E9C4 /* Resources */,
			);
			buildRules = (
			);
			dependencies = (
			);
			name = Landmarks;
			productName = Landmarks;
			productReference = FB7717DF25A6C87D0015E9C4 /* Landmarks.app */;
			productType = "com.apple.product-type.application";
		};
/* End PBXNativeTarget section */

/* Begin PBXProject section */
		FB7717D725A6C87D0015E9C4 /* Project object */ = {
			isa = PBXProject;
			attributes = {
				LastSwiftUpdateCheck = 1230;
				LastUpgradeCheck = 1230;
				TargetAttributes = {
					FB7717DE25A6C87D0015E9C4 = {
						CreatedOnToolsVersion = 12.3;
					};
				};
			};
			buildConfigurationList = FB7717DA25A6C87D0015E9C4 /* Build configuration list for PBXProject "Landmarks" */;
			compatibilityVersion = "Xcode 9.3";
			developmentRegion = en;
			hasScannedForEncodings = 0;
			knownRegions = (
				en,
				Base,
			);
			mainGroup = FB7717D625A6C87D0015E9C4;
			productRefGroup = FB7717E025A6C87D0015E9C4 /* Products */;
			projectDirPath = "";
			projectRoot = "";
			targets = (
				FB7717DE25A6C87D0015E9C4 /* Landmarks */,
			);
		};
/* End PBXProject section */

/* Begin PBXResourcesBuildPhase section */
		FB7717DD25A6C87D0015E9C4 /* Resources */ = {
			isa = PBXResourcesBuildPhase;
			buildActionMask = 2147483647;
			files = (
				FB03A11025AF52D2001C2129 /* hikeData.json in Resources */,
				FB7717EA25A6C8830015E9C4 /* Preview Assets.xcassets in Resources */,
				FB7717E725A6C8830015E9C4 /* Assets.xcassets in Resources */,
				FB7717FB25A6D9490015E9C4 /* landmarkData.json in Resources */,
			);
			runOnlyForDeploymentPostprocessing = 0;
		};
/* End PBXResourcesBuildPhase section */

/* Begin PBXSourcesBuildPhase section */
		FB7717DB25A6C87D0015E9C4 /* Sources */ = {
			isa = PBXSourcesBuildPhase;
			buildActionMask = 2147483647;
			files = (
				FB03A12725AF89D8001C2129 /* CategoryRow.swift in Sources */,
				FB7717E525A6C87D0015E9C4 /* ContentView.swift in Sources */,
				FB03A12325AF887C001C2129 /* CategoryHome.swift in Sources */,
				FB03A11B25AF536D001C2129 /* HikeGraph.swift in Sources */,
				FB03A10B25AEA85B001C2129 /* Badge.swift in Sources */,
				FB7717F725A6D2D80015E9C4 /* MapView.swift in Sources */,
				FB03A11A25AF536D001C2129 /* GraphCapsule.swift in Sources */,
				FB7717E325A6C87D0015E9C4 /* LandmarksApp.swift in Sources */,
				FBEAF03325AE2E570088F636 /* FavoriteButton.swift in Sources */,
				FB03A12A25AF8B7C001C2129 /* CategoryItem.swift in Sources */,
				FB03A11C25AF536D001C2129 /* HikeDetail.swift in Sources */,
				FB03A0FF25AEA02C001C2129 /* HexagonParameters.swift in Sources */,
				FB03A11325AF52ED001C2129 /* Hike.swift in Sources */,
				FB03A10825AEA803001C2129 /* RotatedBadgeSymbol.swift in Sources */,
				FB03A10525AEA6EA001C2129 /* BadgeSymbol.swift in Sources */,
				FB77180B25AA76970015E9C4 /* LandmarkList.swift in Sources */,
				FB03A11D25AF536D001C2129 /* HikeView.swift in Sources */,
				FB77180E25AA77B80015E9C4 /* LandmarkDetail.swift in Sources */,
				FB03A10225AEA215001C2129 /* BadgeBackground.swift in Sources */,
				FB7717F425A6D2210015E9C4 /* CircleImage.swift in Sources */,
				FB7717FE25A6D9630015E9C4 /* Landmark.swift in Sources */,
				FB77180725A6DC730015E9C4 /* LandmarkRow.swift in Sources */,
				FB77180125A6DACE0015E9C4 /* ModelData.swift in Sources */,
			);
			runOnlyForDeploymentPostprocessing = 0;
		};
/* End PBXSourcesBuildPhase section */

/* Begin XCBuildConfiguration section */
		FB7717EC25A6C8830015E9C4 /* Debug */ = {
			isa = XCBuildConfiguration;
			buildSettings = {
				ALWAYS_SEARCH_USER_PATHS = NO;
				CLANG_ANALYZER_NONNULL = YES;
				CLANG_ANALYZER_NUMBER_OBJECT_CONVERSION = YES_AGGRESSIVE;
				CLANG_CXX_LANGUAGE_STANDARD = "gnu++14";
				CLANG_CXX_LIBRARY = "libc++";
				CLANG_ENABLE_MODULES = YES;
				CLANG_ENABLE_OBJC_ARC = YES;
				CLANG_ENABLE_OBJC_WEAK = YES;
				CLANG_WARN_BLOCK_CAPTURE_AUTORELEASING = YES;
				CLANG_WARN_BOOL_CONVERSION = YES;
				CLANG_WARN_COMMA = YES;
				CLANG_WARN_CONSTANT_CONVERSION = YES;
				CLANG_WARN_DEPRECATED_OBJC_IMPLEMENTATIONS = YES;
				CLANG_WARN_DIRECT_OBJC_ISA_USAGE = YES_ERROR;
				CLANG_WARN_DOCUMENTATION_COMMENTS = YES;
				CLANG_WARN_EMPTY_BODY = YES;
				CLANG_WARN_ENUM_CONVERSION = YES;
				CLANG_WARN_INFINITE_RECURSION = YES;
				CLANG_WARN_INT_CONVERSION = YES;
				CLANG_WARN_NON_LITERAL_NULL_CONVERSION = YES;
				CLANG_WARN_OBJC_IMPLICIT_RETAIN_SELF = YES;
				CLANG_WARN_OBJC_LITERAL_CONVERSION = YES;
				CLANG_WARN_OBJC_ROOT_CLASS = YES_ERROR;
				CLANG_WARN_QUOTED_INCLUDE_IN_FRAMEWORK_HEADER = YES;
				CLANG_WARN_RANGE_LOOP_ANALYSIS = YES;
				CLANG_WARN_STRICT_PROTOTYPES = YES;
				CLANG_WARN_SUSPICIOUS_MOVE = YES;
				CLANG_WARN_UNGUARDED_AVAILABILITY = YES_AGGRESSIVE;
				CLANG_WARN_UNREACHABLE_CODE = YES;
				CLANG_WARN__DUPLICATE_METHOD_MATCH = YES;
				COPY_PHASE_STRIP = NO;
				DEBUG_INFORMATION_FORMAT = dwarf;
				ENABLE_STRICT_OBJC_MSGSEND = YES;
				ENABLE_TESTABILITY = YES;
				GCC_C_LANGUAGE_STANDARD = gnu11;
				GCC_DYNAMIC_NO_PIC = NO;
				GCC_NO_COMMON_BLOCKS = YES;
				GCC_OPTIMIZATION_LEVEL = 0;
				GCC_PREPROCESSOR_DEFINITIONS = (
					"DEBUG=1",
					"$(inherited)",
				);
				GCC_WARN_64_TO_32_BIT_CONVERSION = YES;
				GCC_WARN_ABOUT_RETURN_TYPE = YES_ERROR;
				GCC_WARN_UNDECLARED_SELECTOR = YES;
				GCC_WARN_UNINITIALIZED_AUTOS = YES_AGGRESSIVE;
				GCC_WARN_UNUSED_FUNCTION = YES;
				GCC_WARN_UNUSED_VARIABLE = YES;
				IPHONEOS_DEPLOYMENT_TARGET = 14.3;
				MTL_ENABLE_DEBUG_INFO = INCLUDE_SOURCE;
				MTL_FAST_MATH = YES;
				ONLY_ACTIVE_ARCH = YES;
				SDKROOT = iphoneos;
				SWIFT_ACTIVE_COMPILATION_CONDITIONS = DEBUG;
				SWIFT_OPTIMIZATION_LEVEL = "-Onone";
			};
			name = Debug;
		};
		FB7717ED25A6C8830015E9C4 /* Release */ = {
			isa = XCBuildConfiguration;
			buildSettings = {
				ALWAYS_SEARCH_USER_PATHS = NO;
				CLANG_ANALYZER_NONNULL = YES;
				CLANG_ANALYZER_NUMBER_OBJECT_CONVERSION = YES_AGGRESSIVE;
				CLANG_CXX_LANGUAGE_STANDARD = "gnu++14";
				CLANG_CXX_LIBRARY = "libc++";
				CLANG_ENABLE_MODULES = YES;
				CLANG_ENABLE_OBJC_ARC = YES;
				CLANG_ENABLE_OBJC_WEAK = YES;
				CLANG_WARN_BLOCK_CAPTURE_AUTORELEASING = YES;
				CLANG_WARN_BOOL_CONVERSION = YES;
				CLANG_WARN_COMMA = YES;
				CLANG_WARN_CONSTANT_CONVERSION = YES;
				CLANG_WARN_DEPRECATED_OBJC_IMPLEMENTATIONS = YES;
				CLANG_WARN_DIRECT_OBJC_ISA_USAGE = YES_ERROR;
				CLANG_WARN_DOCUMENTATION_COMMENTS = YES;
				CLANG_WARN_EMPTY_BODY = YES;
				CLANG_WARN_ENUM_CONVERSION = YES;
				CLANG_WARN_INFINITE_RECURSION = YES;
				CLANG_WARN_INT_CONVERSION = YES;
				CLANG_WARN_NON_LITERAL_NULL_CONVERSION = YES;
				CLANG_WARN_OBJC_IMPLICIT_RETAIN_SELF = YES;
				CLANG_WARN_OBJC_LITERAL_CONVERSION = YES;
				CLANG_WARN_OBJC_ROOT_CLASS = YES_ERROR;
				CLANG_WARN_QUOTED_INCLUDE_IN_FRAMEWORK_HEADER = YES;
				CLANG_WARN_RANGE_LOOP_ANALYSIS = YES;
				CLANG_WARN_STRICT_PROTOTYPES = YES;
				CLANG_WARN_SUSPICIOUS_MOVE = YES;
				CLANG_WARN_UNGUARDED_AVAILABILITY = YES_AGGRESSIVE;
				CLANG_WARN_UNREACHABLE_CODE = YES;
				CLANG_WARN__DUPLICATE_METHOD_MATCH = YES;
				COPY_PHASE_STRIP = NO;
				DEBUG_INFORMATION_FORMAT = "dwarf-with-dsym";
				ENABLE_NS_ASSERTIONS = NO;
				ENABLE_STRICT_OBJC_MSGSEND = YES;
				GCC_C_LANGUAGE_STANDARD = gnu11;
				GCC_NO_COMMON_BLOCKS = YES;
				GCC_WARN_64_TO_32_BIT_CONVERSION = YES;
				GCC_WARN_ABOUT_RETURN_TYPE = YES_ERROR;
				GCC_WARN_UNDECLARED_SELECTOR = YES;
				GCC_WARN_UNINITIALIZED_AUTOS = YES_AGGRESSIVE;
				GCC_WARN_UNUSED_FUNCTION = YES;
				GCC_WARN_UNUSED_VARIABLE = YES;
				IPHONEOS_DEPLOYMENT_TARGET = 14.3;
				MTL_ENABLE_DEBUG_INFO = NO;
				MTL_FAST_MATH = YES;
				SDKROOT = iphoneos;
				SWIFT_COMPILATION_MODE = wholemodule;
				SWIFT_OPTIMIZATION_LEVEL = "-O";
				VALIDATE_PRODUCT = YES;
			};
			name = Release;
		};
		FB7717EF25A6C8830015E9C4 /* Debug */ = {
			isa = XCBuildConfiguration;
			buildSettings = {
				ASSETCATALOG_COMPILER_APPICON_NAME = AppIcon;
				ASSETCATALOG_COMPILER_GLOBAL_ACCENT_COLOR_NAME = AccentColor;
				CODE_SIGN_STYLE = Automatic;
				DEVELOPMENT_ASSET_PATHS = "\"Landmarks/Preview Content\"";
				ENABLE_PREVIEWS = YES;
				INFOPLIST_FILE = Landmarks/Info.plist;
				IPHONEOS_DEPLOYMENT_TARGET = 14.0;
				LD_RUNPATH_SEARCH_PATHS = (
					"$(inherited)",
					"@executable_path/Frameworks",
				);
				PRODUCT_BUNDLE_IDENTIFIER = hgp.Landmarks;
				PRODUCT_NAME = "$(TARGET_NAME)";
				SWIFT_VERSION = 5.0;
				TARGETED_DEVICE_FAMILY = "1,2";
			};
			name = Debug;
		};
		FB7717F025A6C8830015E9C4 /* Release */ = {
			isa = XCBuildConfiguration;
			buildSettings = {
				ASSETCATALOG_COMPILER_APPICON_NAME = AppIcon;
				ASSETCATALOG_COMPILER_GLOBAL_ACCENT_COLOR_NAME = AccentColor;
				CODE_SIGN_STYLE = Automatic;
				DEVELOPMENT_ASSET_PATHS = "\"Landmarks/Preview Content\"";
				ENABLE_PREVIEWS = YES;
				INFOPLIST_FILE = Landmarks/Info.plist;
				IPHONEOS_DEPLOYMENT_TARGET = 14.0;
				LD_RUNPATH_SEARCH_PATHS = (
					"$(inherited)",
					"@executable_path/Frameworks",
				);
				PRODUCT_BUNDLE_IDENTIFIER = hgp.Landmarks;
				PRODUCT_NAME = "$(TARGET_NAME)";
				SWIFT_VERSION = 5.0;
				TARGETED_DEVICE_FAMILY = "1,2";
			};
			name = Release;
		};
/* End XCBuildConfiguration section */

/* Begin XCConfigurationList section */
		FB7717DA25A6C87D0015E9C4 /* Build configuration list for PBXProject "Landmarks" */ = {
			isa = XCConfigurationList;
			buildConfigurations = (
				FB7717EC25A6C8830015E9C4 /* Debug */,
				FB7717ED25A6C8830015E9C4 /* Release */,
			);
			defaultConfigurationIsVisible = 0;
			defaultConfigurationName = Release;
		};
		FB7717EE25A6C8830015E9C4 /* Build configuration list for PBXNativeTarget "Landmarks" */ = {
			isa = XCConfigurationList;
			buildConfigurations = (
				FB7717EF25A6C8830015E9C4 /* Debug */,
				FB7717F025A6C8830015E9C4 /* Release */,
			);
			defaultConfigurationIsVisible = 0;
			defaultConfigurationName = Release;
		};
/* End XCConfigurationList section */
	};
	rootObject = FB7717D725A6C87D0015E9C4 /* Project object */;
}
